
Microsoft Visual Studio Solution File, Format Version 12.00
# Visual Studio Version 16
VisualStudioVersion = 16.0.31613.86
MinimumVisualStudioVersion = 10.0.40219.1
Project("{FAE04EC0-301F-11D3-BF4B-00C04F79EFBC}") = "DentaService.Common", "DentaService.Common\DentaService.Common.csproj", "{F00291A8-1E4B-4535-AAC5-3555AB4DF9BE}"
EndProject
Project("{FAE04EC0-301F-11D3-BF4B-00C04F79EFBC}") = "DentaService.API", "DentaService.API\DentaService.API.csproj", "{99B5CB3F-D51A-4EE5-968F-361970A94C5B}"
EndProject
Global
	GlobalSection(SolutionConfigurationPlatforms) = preSolution
		Debug|Any CPU = Debug|Any CPU
		Release|Any CPU = Release|Any CPU
	EndGlobalSection
	GlobalSection(ProjectConfigurationPlatforms) = postSolution
		{F00291A8-1E4B-4535-AAC5-3555AB4DF9BE}.Debug|Any CPU.ActiveCfg = Debug|Any CPU
		{F00291A8-1E4B-4535-AAC5-3555AB4DF9BE}.Debug|Any CPU.Build.0 = Debug|Any CPU
		{F00291A8-1E4B-4535-AAC5-3555AB4DF9BE}.Release|Any CPU.ActiveCfg = Release|Any CPU
		{F00291A8-1E4B-4535-AAC5-3555AB4DF9BE}.Release|Any CPU.Build.0 = Release|Any CPU
		{99B5CB3F-D51A-4EE5-968F-361970A94C5B}.Debug|Any CPU.ActiveCfg = Debug|Any CPU
		{99B5CB3F-D51A-4EE5-968F-361970A94C5B}.Debug|Any CPU.Build.0 = Debug|Any CPU
		{99B5CB3F-D51A-4EE5-968F-361970A94C5B}.Release|Any CPU.ActiveCfg = Release|Any CPU
		{99B5CB3F-D51A-4EE5-968F-361970A94C5B}.Release|Any CPU.Build.0 = Release|Any CPU
	EndGlobalSection
	GlobalSection(SolutionProperties) = preSolution
		HideSolutionNode = FALSE
	EndGlobalSection
	GlobalSection(ExtensibilityGlobals) = postSolution
		SolutionGuid = {52F9DA85-1C50-4760-B9A8-86AA7FE28F8D}
	EndGlobalSection
EndGlobal
